
Microsoft Visual Studio Solution File, Format Version 12.00
# Visual Studio Version 16
VisualStudioVersion = 16.0.30907.101
MinimumVisualStudioVersion = 10.0.40219.1
Project("{9A19103F-16F7-4668-BE54-9A1E7A4F7556}") = "Shop.Book.API", "Shop.Book.API\Shop.Book.API.csproj", "{515C5E44-C5FD-439C-BB5D-69114A366690}"
EndProject
Project("{9A19103F-16F7-4668-BE54-9A1E7A4F7556}") = "Shop.Shared", "..\..\Shop.Shared\Shop.Shared\Shop.Shared.csproj", "{E2293FEC-FDB6-4F58-80BA-D77190D6E705}"
EndProject
Global
	GlobalSection(SolutionConfigurationPlatforms) = preSolution
		Debug|Any CPU = Debug|Any CPU
		Release|Any CPU = Release|Any CPU
	EndGlobalSection
	GlobalSection(ProjectConfigurationPlatforms) = postSolution
		{515C5E44-C5FD-439C-BB5D-69114A366690}.Debug|Any CPU.ActiveCfg = Debug|Any CPU
		{515C5E44-C5FD-439C-BB5D-69114A366690}.Debug|Any CPU.Build.0 = Debug|Any CPU
		{515C5E44-C5FD-439C-BB5D-69114A366690}.Release|Any CPU.ActiveCfg = Release|Any CPU
		{515C5E44-C5FD-439C-BB5D-69114A366690}.Release|Any CPU.Build.0 = Release|Any CPU
		{E2293FEC-FDB6-4F58-80BA-D77190D6E705}.Debug|Any CPU.ActiveCfg = Debug|Any CPU
		{E2293FEC-FDB6-4F58-80BA-D77190D6E705}.Debug|Any CPU.Build.0 = Debug|Any CPU
		{E2293FEC-FDB6-4F58-80BA-D77190D6E705}.Release|Any CPU.ActiveCfg = Release|Any CPU
		{E2293FEC-FDB6-4F58-80BA-D77190D6E705}.Release|Any CPU.Build.0 = Release|Any CPU
	EndGlobalSection
	GlobalSection(SolutionProperties) = preSolution
		HideSolutionNode = FALSE
	EndGlobalSection
	GlobalSection(ExtensibilityGlobals) = postSolution
		SolutionGuid = {062CE03E-3B72-4709-82E2-93BC44EA032A}
	EndGlobalSection
EndGlobal
