
Microsoft Visual Studio Solution File, Format Version 12.00
# Visual Studio Version 16
VisualStudioVersion = 16.0.30804.86
MinimumVisualStudioVersion = 10.0.40219.1
Project("{FAE04EC0-301F-11D3-BF4B-00C04F79EFBC}") = "Shop.Shared", "Shop.Shared\Shop.Shared.csproj", "{0C17F71B-375F-43D1-9056-411187ACA279}"
EndProject
Global
	GlobalSection(SolutionConfigurationPlatforms) = preSolution
		Debug|Any CPU = Debug|Any CPU
		Release|Any CPU = Release|Any CPU
	EndGlobalSection
	GlobalSection(ProjectConfigurationPlatforms) = postSolution
		{0C17F71B-375F-43D1-9056-411187ACA279}.Debug|Any CPU.ActiveCfg = Debug|Any CPU
		{0C17F71B-375F-43D1-9056-411187ACA279}.Debug|Any CPU.Build.0 = Debug|Any CPU
		{0C17F71B-375F-43D1-9056-411187ACA279}.Release|Any CPU.ActiveCfg = Release|Any CPU
		{0C17F71B-375F-43D1-9056-411187ACA279}.Release|Any CPU.Build.0 = Release|Any CPU
	EndGlobalSection
	GlobalSection(SolutionProperties) = preSolution
		HideSolutionNode = FALSE
	EndGlobalSection
	GlobalSection(ExtensibilityGlobals) = postSolution
		SolutionGuid = {15171E4B-7006-4F92-B86D-AB2867E0071A}
	EndGlobalSection
EndGlobal
