
Microsoft Visual Studio Solution File, Format Version 12.00
# Visual Studio Version 16
VisualStudioVersion = 16.0.30907.101
MinimumVisualStudioVersion = 10.0.40219.1
Project("{9A19103F-16F7-4668-BE54-9A1E7A4F7556}") = "Shop.Book.API", "Shop.Book.API\Shop.Book.API.csproj", "{F6486871-F731-4E62-B767-D7297D423DC3}"
EndProject
Project("{9A19103F-16F7-4668-BE54-9A1E7A4F7556}") = "Shop.Shared", "..\Shop.Shared\Shop.Shared\Shop.Shared.csproj", "{68AA5896-F200-40FD-8EE2-FDEBA1FCEC2D}"
EndProject
Project("{FAE04EC0-301F-11D3-BF4B-00C04F79EFBC}") = "Shop.Book.Core", "Shop.Book.Core\Shop.Book.Core.csproj", "{3B94DE96-99AD-4881-B232-961E6D429930}"
EndProject
Project("{2150E333-8FDC-42A3-9474-1A3956D46DE8}") = "Solution Items", "Solution Items", "{FE861050-3E30-4646-BA86-7CB7B6FB3E9E}"
	ProjectSection(SolutionItems) = preProject
		Domain.txt = Domain.txt
	EndProjectSection
EndProject
Project("{FAE04EC0-301F-11D3-BF4B-00C04F79EFBC}") = "Shop.Book.Tests", "Shop.Book.Domain.Tests\Shop.Book.Tests.csproj", "{45045BA9-4274-454D-9C27-03C4826059CE}"
EndProject
Global
	GlobalSection(SolutionConfigurationPlatforms) = preSolution
		Debug|Any CPU = Debug|Any CPU
		Release|Any CPU = Release|Any CPU
	EndGlobalSection
	GlobalSection(ProjectConfigurationPlatforms) = postSolution
		{F6486871-F731-4E62-B767-D7297D423DC3}.Debug|Any CPU.ActiveCfg = Debug|Any CPU
		{F6486871-F731-4E62-B767-D7297D423DC3}.Debug|Any CPU.Build.0 = Debug|Any CPU
		{F6486871-F731-4E62-B767-D7297D423DC3}.Release|Any CPU.ActiveCfg = Release|Any CPU
		{F6486871-F731-4E62-B767-D7297D423DC3}.Release|Any CPU.Build.0 = Release|Any CPU
		{68AA5896-F200-40FD-8EE2-FDEBA1FCEC2D}.Debug|Any CPU.ActiveCfg = Debug|Any CPU
		{68AA5896-F200-40FD-8EE2-FDEBA1FCEC2D}.Debug|Any CPU.Build.0 = Debug|Any CPU
		{68AA5896-F200-40FD-8EE2-FDEBA1FCEC2D}.Release|Any CPU.ActiveCfg = Release|Any CPU
		{68AA5896-F200-40FD-8EE2-FDEBA1FCEC2D}.Release|Any CPU.Build.0 = Release|Any CPU
		{3B94DE96-99AD-4881-B232-961E6D429930}.Debug|Any CPU.ActiveCfg = Debug|Any CPU
		{3B94DE96-99AD-4881-B232-961E6D429930}.Debug|Any CPU.Build.0 = Debug|Any CPU
		{3B94DE96-99AD-4881-B232-961E6D429930}.Release|Any CPU.ActiveCfg = Release|Any CPU
		{3B94DE96-99AD-4881-B232-961E6D429930}.Release|Any CPU.Build.0 = Release|Any CPU
		{45045BA9-4274-454D-9C27-03C4826059CE}.Debug|Any CPU.ActiveCfg = Debug|Any CPU
		{45045BA9-4274-454D-9C27-03C4826059CE}.Debug|Any CPU.Build.0 = Debug|Any CPU
		{45045BA9-4274-454D-9C27-03C4826059CE}.Release|Any CPU.ActiveCfg = Release|Any CPU
		{45045BA9-4274-454D-9C27-03C4826059CE}.Release|Any CPU.Build.0 = Release|Any CPU
	EndGlobalSection
	GlobalSection(SolutionProperties) = preSolution
		HideSolutionNode = FALSE
	EndGlobalSection
	GlobalSection(ExtensibilityGlobals) = postSolution
		SolutionGuid = {062CE03E-3B72-4709-82E2-93BC44EA032A}
	EndGlobalSection
EndGlobal
