
Microsoft Visual Studio Solution File, Format Version 12.00
# Visual Studio Version 16
VisualStudioVersion = 16.0.30907.101
MinimumVisualStudioVersion = 10.0.40219.1
Project("{9A19103F-16F7-4668-BE54-9A1E7A4F7556}") = "Shop.Book.API", "Shop.Book.API\Shop.Book.API.csproj", "{F6486871-F731-4E62-B767-D7297D423DC3}"
EndProject
Project("{9A19103F-16F7-4668-BE54-9A1E7A4F7556}") = "Shop.Shared", "..\Shop.Shared\Shop.Shared\Shop.Shared.csproj", "{68AA5896-F200-40FD-8EE2-FDEBA1FCEC2D}"
EndProject
Global
	GlobalSection(SolutionConfigurationPlatforms) = preSolution
		Debug|Any CPU = Debug|Any CPU
		Release|Any CPU = Release|Any CPU
	EndGlobalSection
	GlobalSection(ProjectConfigurationPlatforms) = postSolution
		{F6486871-F731-4E62-B767-D7297D423DC3}.Debug|Any CPU.ActiveCfg = Debug|Any CPU
		{F6486871-F731-4E62-B767-D7297D423DC3}.Debug|Any CPU.Build.0 = Debug|Any CPU
		{F6486871-F731-4E62-B767-D7297D423DC3}.Release|Any CPU.ActiveCfg = Release|Any CPU
		{F6486871-F731-4E62-B767-D7297D423DC3}.Release|Any CPU.Build.0 = Release|Any CPU
		{68AA5896-F200-40FD-8EE2-FDEBA1FCEC2D}.Debug|Any CPU.ActiveCfg = Debug|Any CPU
		{68AA5896-F200-40FD-8EE2-FDEBA1FCEC2D}.Debug|Any CPU.Build.0 = Debug|Any CPU
		{68AA5896-F200-40FD-8EE2-FDEBA1FCEC2D}.Release|Any CPU.ActiveCfg = Release|Any CPU
		{68AA5896-F200-40FD-8EE2-FDEBA1FCEC2D}.Release|Any CPU.Build.0 = Release|Any CPU
	EndGlobalSection
	GlobalSection(SolutionProperties) = preSolution
		HideSolutionNode = FALSE
	EndGlobalSection
	GlobalSection(ExtensibilityGlobals) = postSolution
		SolutionGuid = {062CE03E-3B72-4709-82E2-93BC44EA032A}
	EndGlobalSection
EndGlobal
