
Microsoft Visual Studio Solution File, Format Version 12.00
# Visual Studio Version 16
VisualStudioVersion = 16.0.30907.101
MinimumVisualStudioVersion = 10.0.40219.1
Project("{9A19103F-16F7-4668-BE54-9A1E7A4F7556}") = "Shop.Shared", "..\Shop.Shared\Shop.Shared\Shop.Shared.csproj", "{68AA5896-F200-40FD-8EE2-FDEBA1FCEC2D}"
EndProject
Project("{2150E333-8FDC-42A3-9474-1A3956D46DE8}") = "Solution Items", "Solution Items", "{FE861050-3E30-4646-BA86-7CB7B6FB3E9E}"
	ProjectSection(SolutionItems) = preProject
		Domain.txt = Domain.txt
	EndProjectSection
EndProject
Project("{9A19103F-16F7-4668-BE54-9A1E7A4F7556}") = "Shop.Store.API", "Shop.Store.API\Shop.Store.API.csproj", "{89AE4403-735D-4AFE-8134-439C8262DD26}"
EndProject
Project("{9A19103F-16F7-4668-BE54-9A1E7A4F7556}") = "Shop.Store.Core", "Shop.Store.Core\Shop.Store.Core.csproj", "{0A3CC3E2-D32C-4B94-9D16-5FDACE3B374B}"
EndProject
Project("{9A19103F-16F7-4668-BE54-9A1E7A4F7556}") = "Shop.Store.Infrastructure", "Shop.Store.Infrastructure\Shop.Store.Infrastructure.csproj", "{9A7E85CF-F645-47AC-8214-61C0043104DA}"
EndProject
Project("{9A19103F-16F7-4668-BE54-9A1E7A4F7556}") = "Shop.Store.Tests", "Shop.Store.Tests\Shop.Store.Tests.csproj", "{F5775062-4B67-4B06-BB56-CE9BA04DF4A7}"
EndProject
Project("{FAE04EC0-301F-11D3-BF4B-00C04F79EFBC}") = "Shop.Store.Application", "Shop.Store.Application\Shop.Store.Application.csproj", "{F994C0F7-AED0-43B8-AA7F-F20A32B19525}"
EndProject
Global
	GlobalSection(SolutionConfigurationPlatforms) = preSolution
		Debug|Any CPU = Debug|Any CPU
		Release|Any CPU = Release|Any CPU
	EndGlobalSection
	GlobalSection(ProjectConfigurationPlatforms) = postSolution
		{68AA5896-F200-40FD-8EE2-FDEBA1FCEC2D}.Debug|Any CPU.ActiveCfg = Debug|Any CPU
		{68AA5896-F200-40FD-8EE2-FDEBA1FCEC2D}.Debug|Any CPU.Build.0 = Debug|Any CPU
		{68AA5896-F200-40FD-8EE2-FDEBA1FCEC2D}.Release|Any CPU.ActiveCfg = Release|Any CPU
		{68AA5896-F200-40FD-8EE2-FDEBA1FCEC2D}.Release|Any CPU.Build.0 = Release|Any CPU
		{89AE4403-735D-4AFE-8134-439C8262DD26}.Debug|Any CPU.ActiveCfg = Debug|Any CPU
		{89AE4403-735D-4AFE-8134-439C8262DD26}.Debug|Any CPU.Build.0 = Debug|Any CPU
		{89AE4403-735D-4AFE-8134-439C8262DD26}.Release|Any CPU.ActiveCfg = Release|Any CPU
		{89AE4403-735D-4AFE-8134-439C8262DD26}.Release|Any CPU.Build.0 = Release|Any CPU
		{0A3CC3E2-D32C-4B94-9D16-5FDACE3B374B}.Debug|Any CPU.ActiveCfg = Debug|Any CPU
		{0A3CC3E2-D32C-4B94-9D16-5FDACE3B374B}.Debug|Any CPU.Build.0 = Debug|Any CPU
		{0A3CC3E2-D32C-4B94-9D16-5FDACE3B374B}.Release|Any CPU.ActiveCfg = Release|Any CPU
		{0A3CC3E2-D32C-4B94-9D16-5FDACE3B374B}.Release|Any CPU.Build.0 = Release|Any CPU
		{9A7E85CF-F645-47AC-8214-61C0043104DA}.Debug|Any CPU.ActiveCfg = Debug|Any CPU
		{9A7E85CF-F645-47AC-8214-61C0043104DA}.Debug|Any CPU.Build.0 = Debug|Any CPU
		{9A7E85CF-F645-47AC-8214-61C0043104DA}.Release|Any CPU.ActiveCfg = Release|Any CPU
		{9A7E85CF-F645-47AC-8214-61C0043104DA}.Release|Any CPU.Build.0 = Release|Any CPU
		{F5775062-4B67-4B06-BB56-CE9BA04DF4A7}.Debug|Any CPU.ActiveCfg = Debug|Any CPU
		{F5775062-4B67-4B06-BB56-CE9BA04DF4A7}.Debug|Any CPU.Build.0 = Debug|Any CPU
		{F5775062-4B67-4B06-BB56-CE9BA04DF4A7}.Release|Any CPU.ActiveCfg = Release|Any CPU
		{F5775062-4B67-4B06-BB56-CE9BA04DF4A7}.Release|Any CPU.Build.0 = Release|Any CPU
		{F994C0F7-AED0-43B8-AA7F-F20A32B19525}.Debug|Any CPU.ActiveCfg = Debug|Any CPU
		{F994C0F7-AED0-43B8-AA7F-F20A32B19525}.Debug|Any CPU.Build.0 = Debug|Any CPU
		{F994C0F7-AED0-43B8-AA7F-F20A32B19525}.Release|Any CPU.ActiveCfg = Release|Any CPU
		{F994C0F7-AED0-43B8-AA7F-F20A32B19525}.Release|Any CPU.Build.0 = Release|Any CPU
	EndGlobalSection
	GlobalSection(SolutionProperties) = preSolution
		HideSolutionNode = FALSE
	EndGlobalSection
	GlobalSection(ExtensibilityGlobals) = postSolution
		SolutionGuid = {062CE03E-3B72-4709-82E2-93BC44EA032A}
	EndGlobalSection
EndGlobal
