
Microsoft Visual Studio Solution File, Format Version 12.00
# Visual Studio Version 16
VisualStudioVersion = 16.0.30804.86
MinimumVisualStudioVersion = 10.0.40219.1
Project("{9A19103F-16F7-4668-BE54-9A1E7A4F7556}") = "Shop.Auth.API", "Shop.Auth.API\Shop.Auth.API.csproj", "{58BC4ED7-4083-46EC-BCA1-B91093FA5D34}"
EndProject
Project("{9A19103F-16F7-4668-BE54-9A1E7A4F7556}") = "Shop.Shared", "..\..\Shop.Shared\Shop.Shared\Shop.Shared.csproj", "{E2BEC227-F415-43CF-867D-4A98F8A8AA32}"
EndProject
Project("{9A19103F-16F7-4668-BE54-9A1E7A4F7556}") = "Shop.Auth.Application", "..\Shop.Auth.Application\Shop.Auth.Application.csproj", "{030C994D-583E-4FBF-94FE-9B801565888B}"
EndProject
Global
	GlobalSection(SolutionConfigurationPlatforms) = preSolution
		Debug|Any CPU = Debug|Any CPU
		Release|Any CPU = Release|Any CPU
	EndGlobalSection
	GlobalSection(ProjectConfigurationPlatforms) = postSolution
		{58BC4ED7-4083-46EC-BCA1-B91093FA5D34}.Debug|Any CPU.ActiveCfg = Debug|Any CPU
		{58BC4ED7-4083-46EC-BCA1-B91093FA5D34}.Debug|Any CPU.Build.0 = Debug|Any CPU
		{58BC4ED7-4083-46EC-BCA1-B91093FA5D34}.Release|Any CPU.ActiveCfg = Release|Any CPU
		{58BC4ED7-4083-46EC-BCA1-B91093FA5D34}.Release|Any CPU.Build.0 = Release|Any CPU
		{E2BEC227-F415-43CF-867D-4A98F8A8AA32}.Debug|Any CPU.ActiveCfg = Debug|Any CPU
		{E2BEC227-F415-43CF-867D-4A98F8A8AA32}.Debug|Any CPU.Build.0 = Debug|Any CPU
		{E2BEC227-F415-43CF-867D-4A98F8A8AA32}.Release|Any CPU.ActiveCfg = Release|Any CPU
		{E2BEC227-F415-43CF-867D-4A98F8A8AA32}.Release|Any CPU.Build.0 = Release|Any CPU
		{030C994D-583E-4FBF-94FE-9B801565888B}.Debug|Any CPU.ActiveCfg = Debug|Any CPU
		{030C994D-583E-4FBF-94FE-9B801565888B}.Debug|Any CPU.Build.0 = Debug|Any CPU
		{030C994D-583E-4FBF-94FE-9B801565888B}.Release|Any CPU.ActiveCfg = Release|Any CPU
		{030C994D-583E-4FBF-94FE-9B801565888B}.Release|Any CPU.Build.0 = Release|Any CPU
	EndGlobalSection
	GlobalSection(SolutionProperties) = preSolution
		HideSolutionNode = FALSE
	EndGlobalSection
	GlobalSection(ExtensibilityGlobals) = postSolution
		SolutionGuid = {BFBB1AFA-78C5-49E4-BAF7-526B6FB891D4}
	EndGlobalSection
EndGlobal
